<?xml version="1.0" encoding="utf-8"?>
<Project ToolsVersion="4.0" xmlns="http://schemas.microsoft.com/developer/msbuild/2003">
  <ItemGroup>
    <Filter Include="Header Files">
      <UniqueIdentifier>{14349a8e-f378-4a1f-8e8c-4aea6b1f8ab3}</UniqueIdentifier>
    </Filter>
    <Filter Include="Source Files">
      <UniqueIdentifier>{cb4c5718-5ec4-4048-8e4e-bb71a6821851}</UniqueIdentifier>
    </Filter>
  </ItemGroup>
  <ItemGroup>
    <ClInclude Include="include\IOBSStudio.h">
      <Filter>Header Files</Filter>
    </ClInclude>
    <ClInclude Include="src\OBSAudioEncoders.hpp">
      <Filter>Source Files</Filter>
    </ClInclude>
    <ClInclude Include="src\OBSBaseSource.h">
      <Filter>Source Files</Filter>
    </ClInclude>
    <ClInclude Include="src\OBSCaptureFrame.h">
      <Filter>Source Files</Filter>
    </ClInclude>
    <ClInclude Include="src\OBSColorSource.h">
      <Filter>Source Files</Filter>
    </ClInclude>
    <ClInclude Include="src\OBSCommon.h">
      <Filter>Source Files</Filter>
    </ClInclude>
    <ClInclude Include="src\OBSDshowSource.h">
      <Filter>Source Files</Filter>
    </ClInclude>
    <ClInclude Include="src\OBSLog.h">
      <Filter>Source Files</Filter>
    </ClInclude>
    <ClInclude Include="src\OBSMain.h">
      <Filter>Source Files</Filter>
    </ClInclude>
    <ClInclude Include="src\OBSRecordingTest.h">
      <Filter>Source Files</Filter>
    </ClInclude>
    <ClInclude Include="src\OBSSimpleOut.h">
      <Filter>Source Files</Filter>
    </ClInclude>
    <ClInclude Include="src\OBSVolControl.h">
      <Filter>Source Files</Filter>
    </ClInclude>
  </ItemGroup>
  <ItemGroup>
    <ClCompile Include="src\IOBSStudio.cpp">
      <Filter>Source Files</Filter>
    </ClCompile>
    <ClCompile Include="src\OBSAudioEncoders.cpp">
      <Filter>Source Files</Filter>
    </ClCompile>
    <ClCompile Include="src\OBSBaseSource.cpp">
      <Filter>Source Files</Filter>
    </ClCompile>
    <ClCompile Include="src\OBSCaptureFrame.cpp">
      <Filter>Source Files</Filter>
    </ClCompile>
    <ClCompile Include="src\OBSColorSource.cpp">
      <Filter>Source Files</Filter>
    </ClCompile>
    <ClCompile Include="src\OBSDshowSource.cpp">
      <Filter>Source Files</Filter>
    </ClCompile>
    <ClCompile Include="src\OBSLog.cpp">
      <Filter>Source Files</Filter>
    </ClCompile>
    <ClCompile Include="src\OBSMain.cpp">
      <Filter>Source Files</Filter>
    </ClCompile>
    <ClCompile Include="src\OBSRecordingTest.cpp">
      <Filter>Source Files</Filter>
    </ClCompile>
    <ClCompile Include="src\OBSSimpleOut.cpp">
      <Filter>Source Files</Filter>
    </ClCompile>
    <ClCompile Include="src\OBSVolControl.cpp">
      <Filter>Source Files</Filter>
    </ClCompile>
  </ItemGroup>
</Project>