<?xml version="1.0" encoding="utf-8"?>
<Project ToolsVersion="4.0" xmlns="http://schemas.microsoft.com/developer/msbuild/2003">
  <ItemGroup>
    <Filter Include="src">
      <UniqueIdentifier>{31f5b291-3b93-4a5d-9517-20a249b9a6c9}</UniqueIdentifier>
    </Filter>
  </ItemGroup>
  <ItemGroup>
    <ClCompile Include="ace-plugin.cpp">
      <Filter>src</Filter>
    </ClCompile>
    <ClCompile Include="ace-frame.cpp">
      <Filter>src</Filter>
    </ClCompile>
  </ItemGroup>
  <ItemGroup>
    <ClInclude Include="ace-frame.h">
      <Filter>src</Filter>
    </ClInclude>
  </ItemGroup>
</Project>