<?xml version="1.0" encoding="utf-8"?>
<Project ToolsVersion="4.0" xmlns="http://schemas.microsoft.com/developer/msbuild/2003">
  <ItemGroup>
    <Filter Include="src">
      <UniqueIdentifier>{4ca8156a-9ef7-4667-8ab2-f37fedec4222}</UniqueIdentifier>
    </Filter>
  </ItemGroup>
  <ItemGroup>
    <ClCompile Include="ace-monitor.cpp">
      <Filter>src</Filter>
    </ClCompile>
  </ItemGroup>
  <ItemGroup>
    <ClInclude Include="ace-monitor.h">
      <Filter>src</Filter>
    </ClInclude>
    <ClInclude Include="iace-monitor.h">
      <Filter>src</Filter>
    </ClInclude>
  </ItemGroup>
</Project>